Microsoft Visual Studio Solution File, Format Version 12.00
# Visual Studio Version 17
VisualStudioVersion = 17.5.2.0
MinimumVisualStudioVersion = 10.0.40219.1
Project("{FAE04EC0-301F-11D3-BF4B-00C04F79EFBC}") = "admin", "admin\admin.csproj", "{A315F99C-037E-687F-5376-8EFA338F3D2E}"
EndProject
Project("{FAE04EC0-301F-11D3-BF4B-00C04F79EFBC}") = "client", "client\client.csproj", "{AE7EEA74-2FE0-136F-D797-854FD87E022A}"
EndProject
Project("{FAE04EC0-301F-11D3-BF4B-00C04F79EFBC}") = "sdk-client", "sdk-client\sdk-client.csproj", "{9D269BF8-7D04-54AD-C719-109718C16D6B}"
EndProject
Global
	GlobalSection(SolutionConfigurationPlatforms) = preSolution
		Debug|Any CPU = Debug|Any CPU
		Release|Any CPU = Release|Any CPU
	EndGlobalSection
	GlobalSection(ProjectConfigurationPlatforms) = postSolution
		{A315F99C-037E-687F-5376-8EFA338F3D2E}.Debug|Any CPU.ActiveCfg = Debug|Any CPU
		{A315F99C-037E-687F-5376-8EFA338F3D2E}.Debug|Any CPU.Build.0 = Debug|Any CPU
		{A315F99C-037E-687F-5376-8EFA338F3D2E}.Release|Any CPU.ActiveCfg = Release|Any CPU
		{A315F99C-037E-687F-5376-8EFA338F3D2E}.Release|Any CPU.Build.0 = Release|Any CPU
		{AE7EEA74-2FE0-136F-D797-854FD87E022A}.Debug|Any CPU.ActiveCfg = Debug|Any CPU
		{AE7EEA74-2FE0-136F-D797-854FD87E022A}.Debug|Any CPU.Build.0 = Debug|Any CPU
		{AE7EEA74-2FE0-136F-D797-854FD87E022A}.Release|Any CPU.ActiveCfg = Release|Any CPU
		{AE7EEA74-2FE0-136F-D797-854FD87E022A}.Release|Any CPU.Build.0 = Release|Any CPU
		{9D269BF8-7D04-54AD-C719-109718C16D6B}.Debug|Any CPU.ActiveCfg = Debug|Any CPU
		{9D269BF8-7D04-54AD-C719-109718C16D6B}.Debug|Any CPU.Build.0 = Debug|Any CPU
		{9D269BF8-7D04-54AD-C719-109718C16D6B}.Release|Any CPU.ActiveCfg = Release|Any CPU
		{9D269BF8-7D04-54AD-C719-109718C16D6B}.Release|Any CPU.Build.0 = Release|Any CPU
	EndGlobalSection
	GlobalSection(SolutionProperties) = preSolution
		HideSolutionNode = FALSE
	EndGlobalSection
	GlobalSection(ExtensibilityGlobals) = postSolution
		SolutionGuid = {620D7110-B111-4C50-90EB-6B6E26C9D91C}
	EndGlobalSection
EndGlobal
