<Solution>
  <Project Path="backend/backend.csproj" />
  <Project Path="frontend/admin/admin.csproj" />
  <Project Path="frontend/client/client.csproj" Id="bf73ce49-122d-417e-b4bd-2a8d11efb96d" />
  <Project Path="frontend/sdk-client/sdk-client.csproj" Id="4dec6ae0-0d4e-43e8-a13b-d4aa7d5b30b2" />
</Solution>
